// !$*UTF8*$!
{
	archiveVersion = 1;
	classes = {
	};
	objectVersion = 46;
	objects = {

/* Begin PBXBuildFile section */
		0304636F20E3838C008B48E3 /* ViewControllerExtensions.swift in Sources */ = {isa = PBXBuildFile; fileRef = 0304636E20E3838C008B48E3 /* ViewControllerExtensions.swift */; };
		031D1DF520EA0EE900902400 /* PageViewControllerExtensions.swift in Sources */ = {isa = PBXBuildFile; fileRef = 031D1DF420EA0EE900902400 /* PageViewControllerExtensions.swift */; };
		0356F3C120F8B540008AD970 /* PageVCDelegate.swift in Sources */ = {isa = PBXBuildFile; fileRef = 0356F3C020F8B540008AD970 /* PageVCDelegate.swift */; };
		0356F3C420FD898E008AD970 /* MWPageControl.swift in Sources */ = {isa = PBXBuildFile; fileRef = 0356F3C320FD898E008AD970 /* MWPageControl.swift */; };
		0356F3C720FDA168008AD970 /* MWPageControlTests.generated.swift in Sources */ = {isa = PBXBuildFile; fileRef = 0356F3C520FDA168008AD970 /* MWPageControlTests.generated.swift */; };
		0356F3C820FDA168008AD970 /* MWPageControlLayoutTests.generated.swift in Sources */ = {isa = PBXBuildFile; fileRef = 0356F3C620FDA168008AD970 /* MWPageControlLayoutTests.generated.swift */; };
		0356F3CA20FDD325008AD970 /* PageVCDelegateTests.swift in Sources */ = {isa = PBXBuildFile; fileRef = 0356F3C920FDD325008AD970 /* PageVCDelegateTests.swift */; };
		0375142220DA535100260C36 /* Quick.framework in Frameworks */ = {isa = PBXBuildFile; fileRef = 0375142020DA535100260C36 /* Quick.framework */; };
		0375142320DA535100260C36 /* Nimble.framework in Frameworks */ = {isa = PBXBuildFile; fileRef = 0375142120DA535100260C36 /* Nimble.framework */; };
		039FDB5A20DA5AE1003A9794 /* ChildViewController.swift in Sources */ = {isa = PBXBuildFile; fileRef = 039FDB5920DA5AE1003A9794 /* ChildViewController.swift */; };
		039FDB5C20DA64A6003A9794 /* ParentViewController.swift in Sources */ = {isa = PBXBuildFile; fileRef = 039FDB5B20DA64A6003A9794 /* ParentViewController.swift */; };
		039FDB5E20DA64E7003A9794 /* MWParentViewCreator.swift in Sources */ = {isa = PBXBuildFile; fileRef = 039FDB5D20DA64E7003A9794 /* MWParentViewCreator.swift */; };
		039FDB6120DA6854003A9794 /* ViewExtensions.swift in Sources */ = {isa = PBXBuildFile; fileRef = 039FDB6020DA6854003A9794 /* ViewExtensions.swift */; };
		039FDB6320DA7197003A9794 /* MWChildViewModel.swift in Sources */ = {isa = PBXBuildFile; fileRef = 039FDB6220DA7197003A9794 /* MWChildViewModel.swift */; };
		039FDB6520DA7290003A9794 /* MWChildViewLayoutSettings.swift in Sources */ = {isa = PBXBuildFile; fileRef = 039FDB6420DA7290003A9794 /* MWChildViewLayoutSettings.swift */; };
		03C57D0920F2FA9800CFD419 /* MWImages.swift in Sources */ = {isa = PBXBuildFile; fileRef = 03C57D0820F2FA9800CFD419 /* MWImages.swift */; };
		03C57D0C20F2FE7B00CFD419 /* MWLabels.swift in Sources */ = {isa = PBXBuildFile; fileRef = 03C57D0B20F2FE7B00CFD419 /* MWLabels.swift */; };
		03C57D0E20F3086200CFD419 /* LabelExtensions.swift in Sources */ = {isa = PBXBuildFile; fileRef = 03C57D0D20F3086200CFD419 /* LabelExtensions.swift */; };
		03DD9A1820F6007300D4E542 /* MWButton.swift in Sources */ = {isa = PBXBuildFile; fileRef = 03DD9A1720F6007300D4E542 /* MWButton.swift */; };
		03DD9A1A20F609C400D4E542 /* MWParentViewModel.swift in Sources */ = {isa = PBXBuildFile; fileRef = 03DD9A1920F609C400D4E542 /* MWParentViewModel.swift */; };
		03DD9A1E20F61E7C00D4E542 /* MWButtonTests.generated.swift in Sources */ = {isa = PBXBuildFile; fileRef = 03DD9A1B20F61E7B00D4E542 /* MWButtonTests.generated.swift */; };
		03DD9A2020F61E7C00D4E542 /* MWButtonLayoutTests.generated.swift in Sources */ = {isa = PBXBuildFile; fileRef = 03DD9A1D20F61E7C00D4E542 /* MWButtonLayoutTests.generated.swift */; };
		03DD9A2320F6220700D4E542 /* ButtonExtensions.swift in Sources */ = {isa = PBXBuildFile; fileRef = 03DD9A2120F621B100D4E542 /* ButtonExtensions.swift */; };
		03F5A19C20E260A600431717 /* PageVCDataSource.swift in Sources */ = {isa = PBXBuildFile; fileRef = 03F5A19B20E260A600431717 /* PageVCDataSource.swift */; };
		03F630B02101C0EA00CCDE46 /* MWChildViewController.swift in Sources */ = {isa = PBXBuildFile; fileRef = 03F630AF2101C0EA00CCDE46 /* MWChildViewController.swift */; };
		03F630B22101C40800CCDE46 /* MWChildViewControllerTests.generated.swift in Sources */ = {isa = PBXBuildFile; fileRef = 03F630B12101C40800CCDE46 /* MWChildViewControllerTests.generated.swift */; };
		03F630B72101C65700CCDE46 /* MWCenteredObjectLayoutTests.generated.swift in Sources */ = {isa = PBXBuildFile; fileRef = 03F630B32101C65700CCDE46 /* MWCenteredObjectLayoutTests.generated.swift */; };
		03F630B82101C65700CCDE46 /* MWBackgroundImageLayoutTests.generated.swift in Sources */ = {isa = PBXBuildFile; fileRef = 03F630B42101C65700CCDE46 /* MWBackgroundImageLayoutTests.generated.swift */; };
		03F630B92101C65700CCDE46 /* MWMainImageSettingsTests.generated.swift in Sources */ = {isa = PBXBuildFile; fileRef = 03F630B52101C65700CCDE46 /* MWMainImageSettingsTests.generated.swift */; };
		03F630BA2101C65700CCDE46 /* MWBackgroundImageSettingsTests.generated.swift in Sources */ = {isa = PBXBuildFile; fileRef = 03F630B62101C65700CCDE46 /* MWBackgroundImageSettingsTests.generated.swift */; };
		03F630C02101C7AF00CCDE46 /* MWLowerLabelLayoutTests.generated.swift in Sources */ = {isa = PBXBuildFile; fileRef = 03F630BB2101C7AE00CCDE46 /* MWLowerLabelLayoutTests.generated.swift */; };
		03F630C12101C7AF00CCDE46 /* MWTextSettingsTests.generated.swift in Sources */ = {isa = PBXBuildFile; fileRef = 03F630BC2101C7AF00CCDE46 /* MWTextSettingsTests.generated.swift */; };
		03F630C22101C7AF00CCDE46 /* MWLowerLabelSettingsTests.generated.swift in Sources */ = {isa = PBXBuildFile; fileRef = 03F630BD2101C7AF00CCDE46 /* MWLowerLabelSettingsTests.generated.swift */; };
		03F630C32101C7AF00CCDE46 /* MWUpperLabelSettingsTests.generated.swift in Sources */ = {isa = PBXBuildFile; fileRef = 03F630BE2101C7AF00CCDE46 /* MWUpperLabelSettingsTests.generated.swift */; };
		03F630C42101C7AF00CCDE46 /* MWUpperLabelLayoutTests.generated.swift in Sources */ = {isa = PBXBuildFile; fileRef = 03F630BF2101C7AF00CCDE46 /* MWUpperLabelLayoutTests.generated.swift */; };
		03F630C62101D99800CCDE46 /* PageViewControllerExtensionsTests.swift in Sources */ = {isa = PBXBuildFile; fileRef = 03F630C52101D99800CCDE46 /* PageViewControllerExtensionsTests.swift */; };
		287D0A6E1C4B73BD004566D6 /* ChildViewControllerTests.swift in Sources */ = {isa = PBXBuildFile; fileRef = 287D0A6D1C4B73BD004566D6 /* ChildViewControllerTests.swift */; };
		28F828811C494B2C00330CF4 /* MoonWalker.h in Headers */ = {isa = PBXBuildFile; fileRef = 28F828801C494B2C00330CF4 /* MoonWalker.h */; settings = {ATTRIBUTES = (Public, ); }; };
		28F828881C494B2C00330CF4 /* MoonWalker.framework in Frameworks */ = {isa = PBXBuildFile; fileRef = 28F8287D1C494B2C00330CF4 /* MoonWalker.framework */; };
		A309967F20E8B720002DFE94 /* PageVCDataSourceTests.swift in Sources */ = {isa = PBXBuildFile; fileRef = A309967E20E8B720002DFE94 /* PageVCDataSourceTests.swift */; };
		A309968120E8C1F4002DFE94 /* ParentViewControllerTests.swift in Sources */ = {isa = PBXBuildFile; fileRef = A309968020E8C1F4002DFE94 /* ParentViewControllerTests.swift */; };
		A309968320EA746A002DFE94 /* CodeGenerationProtocols.swift in Sources */ = {isa = PBXBuildFile; fileRef = A309968220EA746A002DFE94 /* CodeGenerationProtocols.swift */; };
		A309968C20EA75E2002DFE94 /* MWChildViewModelTests.generated.swift in Sources */ = {isa = PBXBuildFile; fileRef = A309968720EA75E2002DFE94 /* MWChildViewModelTests.generated.swift */; };
		A3E104AD20E74C7F0064E76F /* ArrayExtensions.swift in Sources */ = {isa = PBXBuildFile; fileRef = A3E104AC20E74C7F0064E76F /* ArrayExtensions.swift */; };
		A3E104AF20E753720064E76F /* ArrayExtensionsTests.swift in Sources */ = {isa = PBXBuildFile; fileRef = A3E104AE20E753720064E76F /* ArrayExtensionsTests.swift */; };
		A3E104B020E7537C0064E76F /* TestHelpers.swift in Sources */ = {isa = PBXBuildFile; fileRef = 036F2FE720DBB0230089DA45 /* TestHelpers.swift */; };
/* End PBXBuildFile section */

/* Begin PBXContainerItemProxy section */
		28F828891C494B2C00330CF4 /* PBXContainerItemProxy */ = {
			isa = PBXContainerItemProxy;
			containerPortal = 28F828741C494B2C00330CF4 /* Project object */;
			proxyType = 1;
			remoteGlobalIDString = 28F8287C1C494B2C00330CF4;
			remoteInfo = MoonWalker;
		};
/* End PBXContainerItemProxy section */

/* Begin PBXFileReference section */
		0304636E20E3838C008B48E3 /* ViewControllerExtensions.swift */ = {isa = PBXFileReference; lastKnownFileType = sourcecode.swift; path = ViewControllerExtensions.swift; sourceTree = "<group>"; };
		031D1DF420EA0EE900902400 /* PageViewControllerExtensions.swift */ = {isa = PBXFileReference; lastKnownFileType = sourcecode.swift; path = PageViewControllerExtensions.swift; sourceTree = "<group>"; };
		0356F3C020F8B540008AD970 /* PageVCDelegate.swift */ = {isa = PBXFileReference; lastKnownFileType = sourcecode.swift; path = PageVCDelegate.swift; sourceTree = "<group>"; };
		0356F3C320FD898E008AD970 /* MWPageControl.swift */ = {isa = PBXFileReference; lastKnownFileType = sourcecode.swift; path = MWPageControl.swift; sourceTree = "<group>"; };
		0356F3C520FDA168008AD970 /* MWPageControlTests.generated.swift */ = {isa = PBXFileReference; fileEncoding = 4; lastKnownFileType = sourcecode.swift; path = MWPageControlTests.generated.swift; sourceTree = "<group>"; };
		0356F3C620FDA168008AD970 /* MWPageControlLayoutTests.generated.swift */ = {isa = PBXFileReference; fileEncoding = 4; lastKnownFileType = sourcecode.swift; path = MWPageControlLayoutTests.generated.swift; sourceTree = "<group>"; };
		0356F3C920FDD325008AD970 /* PageVCDelegateTests.swift */ = {isa = PBXFileReference; lastKnownFileType = sourcecode.swift; path = PageVCDelegateTests.swift; sourceTree = "<group>"; };
		036F2FE720DBB0230089DA45 /* TestHelpers.swift */ = {isa = PBXFileReference; lastKnownFileType = sourcecode.swift; path = TestHelpers.swift; sourceTree = "<group>"; };
		0375142020DA535100260C36 /* Quick.framework */ = {isa = PBXFileReference; lastKnownFileType = wrapper.framework; name = Quick.framework; path = Carthage/Build/iOS/Quick.framework; sourceTree = "<group>"; };
		0375142120DA535100260C36 /* Nimble.framework */ = {isa = PBXFileReference; lastKnownFileType = wrapper.framework; name = Nimble.framework; path = Carthage/Build/iOS/Nimble.framework; sourceTree = "<group>"; };
		039FDB5920DA5AE1003A9794 /* ChildViewController.swift */ = {isa = PBXFileReference; lastKnownFileType = sourcecode.swift; path = ChildViewController.swift; sourceTree = "<group>"; };
		039FDB5B20DA64A6003A9794 /* ParentViewController.swift */ = {isa = PBXFileReference; lastKnownFileType = sourcecode.swift; path = ParentViewController.swift; sourceTree = "<group>"; };
		039FDB5D20DA64E7003A9794 /* MWParentViewCreator.swift */ = {isa = PBXFileReference; lastKnownFileType = sourcecode.swift; path = MWParentViewCreator.swift; sourceTree = "<group>"; };
		039FDB6020DA6854003A9794 /* ViewExtensions.swift */ = {isa = PBXFileReference; lastKnownFileType = sourcecode.swift; path = ViewExtensions.swift; sourceTree = "<group>"; };
		039FDB6220DA7197003A9794 /* MWChildViewModel.swift */ = {isa = PBXFileReference; fileEncoding = 4; lastKnownFileType = sourcecode.swift; path = MWChildViewModel.swift; sourceTree = "<group>"; };
		039FDB6420DA7290003A9794 /* MWChildViewLayoutSettings.swift */ = {isa = PBXFileReference; lastKnownFileType = sourcecode.swift; path = MWChildViewLayoutSettings.swift; sourceTree = "<group>"; };
		03C57D0820F2FA9800CFD419 /* MWImages.swift */ = {isa = PBXFileReference; lastKnownFileType = sourcecode.swift; path = MWImages.swift; sourceTree = "<group>"; };
		03C57D0B20F2FE7B00CFD419 /* MWLabels.swift */ = {isa = PBXFileReference; lastKnownFileType = sourcecode.swift; path = MWLabels.swift; sourceTree = "<group>"; };
		03C57D0D20F3086200CFD419 /* LabelExtensions.swift */ = {isa = PBXFileReference; lastKnownFileType = sourcecode.swift; path = LabelExtensions.swift; sourceTree = "<group>"; };
		03DD9A1720F6007300D4E542 /* MWButton.swift */ = {isa = PBXFileReference; lastKnownFileType = sourcecode.swift; path = MWButton.swift; sourceTree = "<group>"; };
		03DD9A1920F609C400D4E542 /* MWParentViewModel.swift */ = {isa = PBXFileReference; lastKnownFileType = sourcecode.swift; path = MWParentViewModel.swift; sourceTree = "<group>"; };
		03DD9A1B20F61E7B00D4E542 /* MWButtonTests.generated.swift */ = {isa = PBXFileReference; fileEncoding = 4; lastKnownFileType = sourcecode.swift; path = MWButtonTests.generated.swift; sourceTree = "<group>"; };
		03DD9A1D20F61E7C00D4E542 /* MWButtonLayoutTests.generated.swift */ = {isa = PBXFileReference; fileEncoding = 4; lastKnownFileType = sourcecode.swift; path = MWButtonLayoutTests.generated.swift; sourceTree = "<group>"; };
		03DD9A2120F621B100D4E542 /* ButtonExtensions.swift */ = {isa = PBXFileReference; lastKnownFileType = sourcecode.swift; path = ButtonExtensions.swift; sourceTree = "<group>"; };
		03F5A19B20E260A600431717 /* PageVCDataSource.swift */ = {isa = PBXFileReference; lastKnownFileType = sourcecode.swift; path = PageVCDataSource.swift; sourceTree = "<group>"; };
		03F630AF2101C0EA00CCDE46 /* MWChildViewController.swift */ = {isa = PBXFileReference; lastKnownFileType = sourcecode.swift; path = MWChildViewController.swift; sourceTree = "<group>"; };
		03F630B12101C40800CCDE46 /* MWChildViewControllerTests.generated.swift */ = {isa = PBXFileReference; lastKnownFileType = sourcecode.swift; name = MWChildViewControllerTests.generated.swift; path = /Users/josh/dev/MoonWalker/Tests/Public/Generated/MWChildViewControllerTests.generated.swift; sourceTree = "<absolute>"; };
		03F630B32101C65700CCDE46 /* MWCenteredObjectLayoutTests.generated.swift */ = {isa = PBXFileReference; fileEncoding = 4; lastKnownFileType = sourcecode.swift; path = MWCenteredObjectLayoutTests.generated.swift; sourceTree = "<group>"; };
		03F630B42101C65700CCDE46 /* MWBackgroundImageLayoutTests.generated.swift */ = {isa = PBXFileReference; fileEncoding = 4; lastKnownFileType = sourcecode.swift; path = MWBackgroundImageLayoutTests.generated.swift; sourceTree = "<group>"; };
		03F630B52101C65700CCDE46 /* MWMainImageSettingsTests.generated.swift */ = {isa = PBXFileReference; fileEncoding = 4; lastKnownFileType = sourcecode.swift; path = MWMainImageSettingsTests.generated.swift; sourceTree = "<group>"; };
		03F630B62101C65700CCDE46 /* MWBackgroundImageSettingsTests.generated.swift */ = {isa = PBXFileReference; fileEncoding = 4; lastKnownFileType = sourcecode.swift; path = MWBackgroundImageSettingsTests.generated.swift; sourceTree = "<group>"; };
		03F630BB2101C7AE00CCDE46 /* MWLowerLabelLayoutTests.generated.swift */ = {isa = PBXFileReference; fileEncoding = 4; lastKnownFileType = sourcecode.swift; path = MWLowerLabelLayoutTests.generated.swift; sourceTree = "<group>"; };
		03F630BC2101C7AF00CCDE46 /* MWTextSettingsTests.generated.swift */ = {isa = PBXFileReference; fileEncoding = 4; lastKnownFileType = sourcecode.swift; path = MWTextSettingsTests.generated.swift; sourceTree = "<group>"; };
		03F630BD2101C7AF00CCDE46 /* MWLowerLabelSettingsTests.generated.swift */ = {isa = PBXFileReference; fileEncoding = 4; lastKnownFileType = sourcecode.swift; path = MWLowerLabelSettingsTests.generated.swift; sourceTree = "<group>"; };
		03F630BE2101C7AF00CCDE46 /* MWUpperLabelSettingsTests.generated.swift */ = {isa = PBXFileReference; fileEncoding = 4; lastKnownFileType = sourcecode.swift; path = MWUpperLabelSettingsTests.generated.swift; sourceTree = "<group>"; };
		03F630BF2101C7AF00CCDE46 /* MWUpperLabelLayoutTests.generated.swift */ = {isa = PBXFileReference; fileEncoding = 4; lastKnownFileType = sourcecode.swift; path = MWUpperLabelLayoutTests.generated.swift; sourceTree = "<group>"; };
		03F630C52101D99800CCDE46 /* PageViewControllerExtensionsTests.swift */ = {isa = PBXFileReference; lastKnownFileType = sourcecode.swift; path = PageViewControllerExtensionsTests.swift; sourceTree = "<group>"; };
		287D0A6D1C4B73BD004566D6 /* ChildViewControllerTests.swift */ = {isa = PBXFileReference; fileEncoding = 4; lastKnownFileType = sourcecode.swift; name = ChildViewControllerTests.swift; path = Tests/Internal/Controllers/ChildViewControllerTests.swift; sourceTree = SOURCE_ROOT; };
		28F8287D1C494B2C00330CF4 /* MoonWalker.framework */ = {isa = PBXFileReference; explicitFileType = wrapper.framework; includeInIndex = 0; path = MoonWalker.framework; sourceTree = BUILT_PRODUCTS_DIR; };
		28F828801C494B2C00330CF4 /* MoonWalker.h */ = {isa = PBXFileReference; lastKnownFileType = sourcecode.c.h; path = MoonWalker.h; sourceTree = "<group>"; };
		28F828821C494B2C00330CF4 /* Info.plist */ = {isa = PBXFileReference; lastKnownFileType = text.plist.xml; path = Info.plist; sourceTree = "<group>"; };
		28F828871C494B2C00330CF4 /* MoonWalkerTests.xctest */ = {isa = PBXFileReference; explicitFileType = wrapper.cfbundle; includeInIndex = 0; path = MoonWalkerTests.xctest; sourceTree = BUILT_PRODUCTS_DIR; };
		28F8288E1C494B2C00330CF4 /* Info.plist */ = {isa = PBXFileReference; lastKnownFileType = text.plist.xml; path = Info.plist; sourceTree = "<group>"; };
		A309967E20E8B720002DFE94 /* PageVCDataSourceTests.swift */ = {isa = PBXFileReference; lastKnownFileType = sourcecode.swift; path = PageVCDataSourceTests.swift; sourceTree = "<group>"; };
		A309968020E8C1F4002DFE94 /* ParentViewControllerTests.swift */ = {isa = PBXFileReference; lastKnownFileType = sourcecode.swift; path = ParentViewControllerTests.swift; sourceTree = "<group>"; };
		A309968220EA746A002DFE94 /* CodeGenerationProtocols.swift */ = {isa = PBXFileReference; lastKnownFileType = sourcecode.swift; path = CodeGenerationProtocols.swift; sourceTree = "<group>"; };
		A309968720EA75E2002DFE94 /* MWChildViewModelTests.generated.swift */ = {isa = PBXFileReference; fileEncoding = 4; lastKnownFileType = sourcecode.swift; path = MWChildViewModelTests.generated.swift; sourceTree = "<group>"; };
		A3E104AC20E74C7F0064E76F /* ArrayExtensions.swift */ = {isa = PBXFileReference; lastKnownFileType = sourcecode.swift; path = ArrayExtensions.swift; sourceTree = "<group>"; };
		A3E104AE20E753720064E76F /* ArrayExtensionsTests.swift */ = {isa = PBXFileReference; lastKnownFileType = sourcecode.swift; path = ArrayExtensionsTests.swift; sourceTree = "<group>"; };
/* End PBXFileReference section */

/* Begin PBXFrameworksBuildPhase section */
		28F828791C494B2C00330CF4 /* Frameworks */ = {
			isa = PBXFrameworksBuildPhase;
			buildActionMask = 2147483647;
			files = (
			);
			runOnlyForDeploymentPostprocessing = 0;
		};
		28F828841C494B2C00330CF4 /* Frameworks */ = {
			isa = PBXFrameworksBuildPhase;
			buildActionMask = 2147483647;
			files = (
				0375142220DA535100260C36 /* Quick.framework in Frameworks */,
				0375142320DA535100260C36 /* Nimble.framework in Frameworks */,
				28F828881C494B2C00330CF4 /* MoonWalker.framework in Frameworks */,
			);
			runOnlyForDeploymentPostprocessing = 0;
		};
/* End PBXFrameworksBuildPhase section */

/* Begin PBXGroup section */
		031D1DEF20E9D17000902400 /* Internal */ = {
			isa = PBXGroup;
			children = (
				031D1DF120E9D18900902400 /* Controllers */,
				031D1DF220E9D19400902400 /* Extensions */,
			);
			path = Internal;
			sourceTree = "<group>";
		};
		031D1DF120E9D18900902400 /* Controllers */ = {
			isa = PBXGroup;
			children = (
				A309968020E8C1F4002DFE94 /* ParentViewControllerTests.swift */,
				287D0A6D1C4B73BD004566D6 /* ChildViewControllerTests.swift */,
				A309967E20E8B720002DFE94 /* PageVCDataSourceTests.swift */,
				0356F3C920FDD325008AD970 /* PageVCDelegateTests.swift */,
			);
			path = Controllers;
			sourceTree = "<group>";
		};
		031D1DF220E9D19400902400 /* Extensions */ = {
			isa = PBXGroup;
			children = (
				A3E104AE20E753720064E76F /* ArrayExtensionsTests.swift */,
				03F630C52101D99800CCDE46 /* PageViewControllerExtensionsTests.swift */,
			);
			path = Extensions;
			sourceTree = "<group>";
		};
		0375141F20DA535100260C36 /* Frameworks */ = {
			isa = PBXGroup;
			children = (
				0375142120DA535100260C36 /* Nimble.framework */,
				0375142020DA535100260C36 /* Quick.framework */,
			);
			name = Frameworks;
			sourceTree = "<group>";
		};
		0375142620DA55CB00260C36 /* Models */ = {
			isa = PBXGroup;
			children = (
				03DD9A1920F609C400D4E542 /* MWParentViewModel.swift */,
				039FDB6220DA7197003A9794 /* MWChildViewModel.swift */,
				039FDB6420DA7290003A9794 /* MWChildViewLayoutSettings.swift */,
				03C57D0820F2FA9800CFD419 /* MWImages.swift */,
				03C57D0B20F2FE7B00CFD419 /* MWLabels.swift */,
				03DD9A1720F6007300D4E542 /* MWButton.swift */,
				0356F3C320FD898E008AD970 /* MWPageControl.swift */,
				03F630AF2101C0EA00CCDE46 /* MWChildViewController.swift */,
			);
			path = Models;
			sourceTree = "<group>";
		};
		039FDB5820DA5AC2003A9794 /* Controllers */ = {
			isa = PBXGroup;
			children = (
				039FDB5B20DA64A6003A9794 /* ParentViewController.swift */,
				039FDB5920DA5AE1003A9794 /* ChildViewController.swift */,
				03F5A19B20E260A600431717 /* PageVCDataSource.swift */,
				0356F3C020F8B540008AD970 /* PageVCDelegate.swift */,
			);
			path = Controllers;
			sourceTree = "<group>";
		};
		039FDB5F20DA682E003A9794 /* Extensions */ = {
			isa = PBXGroup;
			children = (
				031D1DF420EA0EE900902400 /* PageViewControllerExtensions.swift */,
				039FDB6020DA6854003A9794 /* ViewExtensions.swift */,
				0304636E20E3838C008B48E3 /* ViewControllerExtensions.swift */,
				A3E104AC20E74C7F0064E76F /* ArrayExtensions.swift */,
				03C57D0D20F3086200CFD419 /* LabelExtensions.swift */,
				03DD9A2120F621B100D4E542 /* ButtonExtensions.swift */,
			);
			path = Extensions;
			sourceTree = "<group>";
		};
		28F828731C494B2C00330CF4 = {
			isa = PBXGroup;
			children = (
				28F828971C494B4200330CF4 /* Sources */,
				28F8288B1C494B2C00330CF4 /* Tests */,
				28F8287E1C494B2C00330CF4 /* Products */,
				0375141F20DA535100260C36 /* Frameworks */,
			);
			sourceTree = "<group>";
		};
		28F8287E1C494B2C00330CF4 /* Products */ = {
			isa = PBXGroup;
			children = (
				28F8287D1C494B2C00330CF4 /* MoonWalker.framework */,
				28F828871C494B2C00330CF4 /* MoonWalkerTests.xctest */,
			);
			name = Products;
			sourceTree = "<group>";
		};
		28F8288B1C494B2C00330CF4 /* Tests */ = {
			isa = PBXGroup;
			children = (
				28F8288E1C494B2C00330CF4 /* Info.plist */,
				A309968420EA7544002DFE94 /* Public */,
				031D1DEF20E9D17000902400 /* Internal */,
				A309968520EA7558002DFE94 /* Resources */,
			);
			path = Tests;
			sourceTree = "<group>";
		};
		28F828971C494B4200330CF4 /* Sources */ = {
			isa = PBXGroup;
			children = (
				A309967C20E77620002DFE94 /* Internal */,
				A309967920E77031002DFE94 /* Public */,
				28F828821C494B2C00330CF4 /* Info.plist */,
			);
			path = Sources;
			sourceTree = "<group>";
		};
		A309967920E77031002DFE94 /* Public */ = {
			isa = PBXGroup;
			children = (
				28F828801C494B2C00330CF4 /* MoonWalker.h */,
				039FDB5D20DA64E7003A9794 /* MWParentViewCreator.swift */,
				0375142620DA55CB00260C36 /* Models */,
			);
			path = Public;
			sourceTree = "<group>";
		};
		A309967C20E77620002DFE94 /* Internal */ = {
			isa = PBXGroup;
			children = (
				039FDB5820DA5AC2003A9794 /* Controllers */,
				039FDB5F20DA682E003A9794 /* Extensions */,
			);
			path = Internal;
			sourceTree = "<group>";
		};
		A309968420EA7544002DFE94 /* Public */ = {
			isa = PBXGroup;
			children = (
				A309968620EA75E2002DFE94 /* Generated */,
			);
			path = Public;
			sourceTree = "<group>";
		};
		A309968520EA7558002DFE94 /* Resources */ = {
			isa = PBXGroup;
			children = (
				A309968220EA746A002DFE94 /* CodeGenerationProtocols.swift */,
				036F2FE720DBB0230089DA45 /* TestHelpers.swift */,
			);
			path = Resources;
			sourceTree = "<group>";
		};
		A309968620EA75E2002DFE94 /* Generated */ = {
			isa = PBXGroup;
			children = (
				03F630B42101C65700CCDE46 /* MWBackgroundImageLayoutTests.generated.swift */,
				03F630B62101C65700CCDE46 /* MWBackgroundImageSettingsTests.generated.swift */,
				03F630B32101C65700CCDE46 /* MWCenteredObjectLayoutTests.generated.swift */,
				03F630B52101C65700CCDE46 /* MWMainImageSettingsTests.generated.swift */,
				03F630BB2101C7AE00CCDE46 /* MWLowerLabelLayoutTests.generated.swift */,
				03F630BD2101C7AF00CCDE46 /* MWLowerLabelSettingsTests.generated.swift */,
				03F630BC2101C7AF00CCDE46 /* MWTextSettingsTests.generated.swift */,
				03F630BF2101C7AF00CCDE46 /* MWUpperLabelLayoutTests.generated.swift */,
				03F630BE2101C7AF00CCDE46 /* MWUpperLabelSettingsTests.generated.swift */,
				03DD9A1D20F61E7C00D4E542 /* MWButtonLayoutTests.generated.swift */,
				03F630B12101C40800CCDE46 /* MWChildViewControllerTests.generated.swift */,
				03DD9A1B20F61E7B00D4E542 /* MWButtonTests.generated.swift */,
				0356F3C620FDA168008AD970 /* MWPageControlLayoutTests.generated.swift */,
				0356F3C520FDA168008AD970 /* MWPageControlTests.generated.swift */,
				A309968720EA75E2002DFE94 /* MWChildViewModelTests.generated.swift */,
			);
			path = Generated;
			sourceTree = "<group>";
		};
/* End PBXGroup section */

/* Begin PBXHeadersBuildPhase section */
		28F8287A1C494B2C00330CF4 /* Headers */ = {
			isa = PBXHeadersBuildPhase;
			buildActionMask = 2147483647;
			files = (
				28F828811C494B2C00330CF4 /* MoonWalker.h in Headers */,
			);
			runOnlyForDeploymentPostprocessing = 0;
		};
/* End PBXHeadersBuildPhase section */

/* Begin PBXNativeTarget section */
		28F8287C1C494B2C00330CF4 /* MoonWalker */ = {
			isa = PBXNativeTarget;
			buildConfigurationList = 28F828911C494B2C00330CF4 /* Build configuration list for PBXNativeTarget "MoonWalker" */;
			buildPhases = (
				28F828781C494B2C00330CF4 /* Sources */,
				28F828791C494B2C00330CF4 /* Frameworks */,
				28F8287A1C494B2C00330CF4 /* Headers */,
				28F8287B1C494B2C00330CF4 /* Resources */,
				03C57D0F20F3432500CFD419 /* ShellScript */,
			);
			buildRules = (
			);
			dependencies = (
			);
			name = MoonWalker;
			productName = MoonWalker;
			productReference = 28F8287D1C494B2C00330CF4 /* MoonWalker.framework */;
			productType = "com.apple.product-type.framework";
		};
		28F828861C494B2C00330CF4 /* MoonWalkerTests */ = {
			isa = PBXNativeTarget;
			buildConfigurationList = 28F828941C494B2C00330CF4 /* Build configuration list for PBXNativeTarget "MoonWalkerTests" */;
			buildPhases = (
				28F828831C494B2C00330CF4 /* Sources */,
				28F828841C494B2C00330CF4 /* Frameworks */,
				28F828851C494B2C00330CF4 /* Resources */,
				039FDB5720DA585A003A9794 /* ShellScript */,
			);
			buildRules = (
			);
			dependencies = (
				28F8288A1C494B2C00330CF4 /* PBXTargetDependency */,
			);
			name = MoonWalkerTests;
			productName = MoonWalkerTests;
			productReference = 28F828871C494B2C00330CF4 /* MoonWalkerTests.xctest */;
			productType = "com.apple.product-type.bundle.unit-test";
		};
/* End PBXNativeTarget section */

/* Begin PBXProject section */
		28F828741C494B2C00330CF4 /* Project object */ = {
			isa = PBXProject;
			attributes = {
				LastSwiftUpdateCheck = 0720;
				LastUpgradeCheck = 0940;
				TargetAttributes = {
					28F8287C1C494B2C00330CF4 = {
						CreatedOnToolsVersion = 7.2;
						LastSwiftMigration = 0800;
					};
					28F828861C494B2C00330CF4 = {
						CreatedOnToolsVersion = 7.2;
						LastSwiftMigration = 0800;
					};
				};
			};
			buildConfigurationList = 28F828771C494B2C00330CF4 /* Build configuration list for PBXProject "MoonWalker" */;
			compatibilityVersion = "Xcode 3.2";
			developmentRegion = English;
			hasScannedForEncodings = 0;
			knownRegions = (
				en,
			);
			mainGroup = 28F828731C494B2C00330CF4;
			productRefGroup = 28F8287E1C494B2C00330CF4 /* Products */;
			projectDirPath = "";
			projectRoot = "";
			targets = (
				28F8287C1C494B2C00330CF4 /* MoonWalker */,
				28F828861C494B2C00330CF4 /* MoonWalkerTests */,
			);
		};
/* End PBXProject section */

/* Begin PBXResourcesBuildPhase section */
		28F8287B1C494B2C00330CF4 /* Resources */ = {
			isa = PBXResourcesBuildPhase;
			buildActionMask = 2147483647;
			files = (
			);
			runOnlyForDeploymentPostprocessing = 0;
		};
		28F828851C494B2C00330CF4 /* Resources */ = {
			isa = PBXResourcesBuildPhase;
			buildActionMask = 2147483647;
			files = (
			);
			runOnlyForDeploymentPostprocessing = 0;
		};
/* End PBXResourcesBuildPhase section */

/* Begin PBXShellScriptBuildPhase section */
		039FDB5720DA585A003A9794 /* ShellScript */ = {
			isa = PBXShellScriptBuildPhase;
			buildActionMask = 2147483647;
			files = (
			);
			inputPaths = (
				"$(SRCROOT)/Carthage/Build/iOS/Nimble.framework",
				"$(SRCROOT)/Carthage/Build/iOS/Quick.framework",
			);
			outputPaths = (
				"$(DERIVED_FILE_DIR)/$(FRAMEWORKS_FOLDER_PATH)/Nimble.framework",
				"$(DERIVED_FILE_DIR)/$(FRAMEWORKS_FOLDER_PATH)/Quick.framework",
			);
			runOnlyForDeploymentPostprocessing = 0;
			shellPath = /bin/sh;
			shellScript = "/usr/local/bin/carthage copy-frameworks";
		};
		03C57D0F20F3432500CFD419 /* ShellScript */ = {
			isa = PBXShellScriptBuildPhase;
			buildActionMask = 2147483647;
			files = (
			);
			inputPaths = (
			);
			outputPaths = (
			);
			runOnlyForDeploymentPostprocessing = 0;
			shellPath = /bin/sh;
			shellScript = "if which sourcery >/dev/null; then\n    sourcery --config .sourcery.yml\nelse\n    echo \"Warning: Sourcery not installed, install with brew sourcery. https://github.com/krzysztofzablocki/Sourcery\"\nfi";
		};
/* End PBXShellScriptBuildPhase section */

/* Begin PBXSourcesBuildPhase section */
		28F828781C494B2C00330CF4 /* Sources */ = {
			isa = PBXSourcesBuildPhase;
			buildActionMask = 2147483647;
			files = (
				039FDB6320DA7197003A9794 /* MWChildViewModel.swift in Sources */,
				A3E104AD20E74C7F0064E76F /* ArrayExtensions.swift in Sources */,
				03C57D0C20F2FE7B00CFD419 /* MWLabels.swift in Sources */,
				0356F3C120F8B540008AD970 /* PageVCDelegate.swift in Sources */,
				03C57D0E20F3086200CFD419 /* LabelExtensions.swift in Sources */,
				031D1DF520EA0EE900902400 /* PageViewControllerExtensions.swift in Sources */,
				03DD9A1820F6007300D4E542 /* MWButton.swift in Sources */,
				03C57D0920F2FA9800CFD419 /* MWImages.swift in Sources */,
				039FDB6120DA6854003A9794 /* ViewExtensions.swift in Sources */,
				039FDB6520DA7290003A9794 /* MWChildViewLayoutSettings.swift in Sources */,
				0304636F20E3838C008B48E3 /* ViewControllerExtensions.swift in Sources */,
				03F630B02101C0EA00CCDE46 /* MWChildViewController.swift in Sources */,
				039FDB5E20DA64E7003A9794 /* MWParentViewCreator.swift in Sources */,
				03DD9A1A20F609C400D4E542 /* MWParentViewModel.swift in Sources */,
				039FDB5A20DA5AE1003A9794 /* ChildViewController.swift in Sources */,
				0356F3C420FD898E008AD970 /* MWPageControl.swift in Sources */,
				03DD9A2320F6220700D4E542 /* ButtonExtensions.swift in Sources */,
				03F5A19C20E260A600431717 /* PageVCDataSource.swift in Sources */,
				039FDB5C20DA64A6003A9794 /* ParentViewController.swift in Sources */,
			);
			runOnlyForDeploymentPostprocessing = 0;
		};
		28F828831C494B2C00330CF4 /* Sources */ = {
			isa = PBXSourcesBuildPhase;
			buildActionMask = 2147483647;
			files = (
				0356F3C820FDA168008AD970 /* MWPageControlLayoutTests.generated.swift in Sources */,
				03F630BA2101C65700CCDE46 /* MWBackgroundImageSettingsTests.generated.swift in Sources */,
				A309968120E8C1F4002DFE94 /* ParentViewControllerTests.swift in Sources */,
				287D0A6E1C4B73BD004566D6 /* ChildViewControllerTests.swift in Sources */,
				03F630C12101C7AF00CCDE46 /* MWTextSettingsTests.generated.swift in Sources */,
				0356F3CA20FDD325008AD970 /* PageVCDelegateTests.swift in Sources */,
				03F630C22101C7AF00CCDE46 /* MWLowerLabelSettingsTests.generated.swift in Sources */,
				03F630B72101C65700CCDE46 /* MWCenteredObjectLayoutTests.generated.swift in Sources */,
				A309968320EA746A002DFE94 /* CodeGenerationProtocols.swift in Sources */,
				A309968C20EA75E2002DFE94 /* MWChildViewModelTests.generated.swift in Sources */,
				0356F3C720FDA168008AD970 /* MWPageControlTests.generated.swift in Sources */,
				A3E104AF20E753720064E76F /* ArrayExtensionsTests.swift in Sources */,
				03DD9A2020F61E7C00D4E542 /* MWButtonLayoutTests.generated.swift in Sources */,
				03F630C02101C7AF00CCDE46 /* MWLowerLabelLayoutTests.generated.swift in Sources */,
				03F630C32101C7AF00CCDE46 /* MWUpperLabelSettingsTests.generated.swift in Sources */,
				03F630B82101C65700CCDE46 /* MWBackgroundImageLayoutTests.generated.swift in Sources */,
				03F630B92101C65700CCDE46 /* MWMainImageSettingsTests.generated.swift in Sources */,
				03F630B22101C40800CCDE46 /* MWChildViewControllerTests.generated.swift in Sources */,
				03F630C42101C7AF00CCDE46 /* MWUpperLabelLayoutTests.generated.swift in Sources */,
				A309967F20E8B720002DFE94 /* PageVCDataSourceTests.swift in Sources */,
				A3E104B020E7537C0064E76F /* TestHelpers.swift in Sources */,
				03F630C62101D99800CCDE46 /* PageViewControllerExtensionsTests.swift in Sources */,
				03DD9A1E20F61E7C00D4E542 /* MWButtonTests.generated.swift in Sources */,
			);
			runOnlyForDeploymentPostprocessing = 0;
		};
/* End PBXSourcesBuildPhase section */

/* Begin PBXTargetDependency section */
		28F8288A1C494B2C00330CF4 /* PBXTargetDependency */ = {
			isa = PBXTargetDependency;
			target = 28F8287C1C494B2C00330CF4 /* MoonWalker */;
			targetProxy = 28F828891C494B2C00330CF4 /* PBXContainerItemProxy */;
		};
/* End PBXTargetDependency section */

/* Begin XCBuildConfiguration section */
		28F8288F1C494B2C00330CF4 /* Debug */ = {
			isa = XCBuildConfiguration;
			buildSettings = {
				ALWAYS_SEARCH_USER_PATHS = NO;
				CLANG_CXX_LANGUAGE_STANDARD = "gnu++0x";
				CLANG_CXX_LIBRARY = "libc++";
				CLANG_ENABLE_MODULES = YES;
				CLANG_ENABLE_OBJC_ARC = YES;
				CLANG_WARN_BLOCK_CAPTURE_AUTORELEASING = YES;
				CLANG_WARN_BOOL_CONVERSION = YES;
				CLANG_WARN_COMMA = YES;
				CLANG_WARN_CONSTANT_CONVERSION = YES;
				CLANG_WARN_DEPRECATED_OBJC_IMPLEMENTATIONS = YES;
				CLANG_WARN_DIRECT_OBJC_ISA_USAGE = YES_ERROR;
				CLANG_WARN_EMPTY_BODY = YES;
				CLANG_WARN_ENUM_CONVERSION = YES;
				CLANG_WARN_INFINITE_RECURSION = YES;
				CLANG_WARN_INT_CONVERSION = YES;
				CLANG_WARN_NON_LITERAL_NULL_CONVERSION = YES;
				CLANG_WARN_OBJC_IMPLICIT_RETAIN_SELF = YES;
				CLANG_WARN_OBJC_LITERAL_CONVERSION = YES;
				CLANG_WARN_OBJC_ROOT_CLASS = YES_ERROR;
				CLANG_WARN_RANGE_LOOP_ANALYSIS = YES;
				CLANG_WARN_STRICT_PROTOTYPES = YES;
				CLANG_WARN_SUSPICIOUS_MOVE = YES;
				CLANG_WARN_UNREACHABLE_CODE = YES;
				CLANG_WARN__DUPLICATE_METHOD_MATCH = YES;
				"CODE_SIGN_IDENTITY[sdk=iphoneos*]" = "iPhone Developer";
				COPY_PHASE_STRIP = NO;
				CURRENT_PROJECT_VERSION = 1;
				DEBUG_INFORMATION_FORMAT = dwarf;
				ENABLE_STRICT_OBJC_MSGSEND = YES;
				ENABLE_TESTABILITY = YES;
				GCC_C_LANGUAGE_STANDARD = gnu99;
				GCC_DYNAMIC_NO_PIC = NO;
				GCC_NO_COMMON_BLOCKS = YES;
				GCC_OPTIMIZATION_LEVEL = 0;
				GCC_PREPROCESSOR_DEFINITIONS = (
					"DEBUG=1",
					"$(inherited)",
				);
				GCC_WARN_64_TO_32_BIT_CONVERSION = YES;
				GCC_WARN_ABOUT_RETURN_TYPE = YES_ERROR;
				GCC_WARN_UNDECLARED_SELECTOR = YES;
				GCC_WARN_UNINITIALIZED_AUTOS = YES_AGGRESSIVE;
				GCC_WARN_UNUSED_FUNCTION = YES;
				GCC_WARN_UNUSED_VARIABLE = YES;
				IPHONEOS_DEPLOYMENT_TARGET = 10.0;
				MTL_ENABLE_DEBUG_INFO = YES;
				ONLY_ACTIVE_ARCH = YES;
				SDKROOT = iphoneos;
				SWIFT_OPTIMIZATION_LEVEL = "-Onone";
				TARGETED_DEVICE_FAMILY = "1,2";
				VERSIONING_SYSTEM = "apple-generic";
				VERSION_INFO_PREFIX = "";
			};
			name = Debug;
		};
		28F828901C494B2C00330CF4 /* Release */ = {
			isa = XCBuildConfiguration;
			buildSettings = {
				ALWAYS_SEARCH_USER_PATHS = NO;
				CLANG_CXX_LANGUAGE_STANDARD = "gnu++0x";
				CLANG_CXX_LIBRARY = "libc++";
				CLANG_ENABLE_MODULES = YES;
				CLANG_ENABLE_OBJC_ARC = YES;
				CLANG_WARN_BLOCK_CAPTURE_AUTORELEASING = YES;
				CLANG_WARN_BOOL_CONVERSION = YES;
				CLANG_WARN_COMMA = YES;
				CLANG_WARN_CONSTANT_CONVERSION = YES;
				CLANG_WARN_DEPRECATED_OBJC_IMPLEMENTATIONS = YES;
				CLANG_WARN_DIRECT_OBJC_ISA_USAGE = YES_ERROR;
				CLANG_WARN_EMPTY_BODY = YES;
				CLANG_WARN_ENUM_CONVERSION = YES;
				CLANG_WARN_INFINITE_RECURSION = YES;
				CLANG_WARN_INT_CONVERSION = YES;
				CLANG_WARN_NON_LITERAL_NULL_CONVERSION = YES;
				CLANG_WARN_OBJC_IMPLICIT_RETAIN_SELF = YES;
				CLANG_WARN_OBJC_LITERAL_CONVERSION = YES;
				CLANG_WARN_OBJC_ROOT_CLASS = YES_ERROR;
				CLANG_WARN_RANGE_LOOP_ANALYSIS = YES;
				CLANG_WARN_STRICT_PROTOTYPES = YES;
				CLANG_WARN_SUSPICIOUS_MOVE = YES;
				CLANG_WARN_UNREACHABLE_CODE = YES;
				CLANG_WARN__DUPLICATE_METHOD_MATCH = YES;
				"CODE_SIGN_IDENTITY[sdk=iphoneos*]" = "iPhone Developer";
				COPY_PHASE_STRIP = NO;
				CURRENT_PROJECT_VERSION = 1;
				DEBUG_INFORMATION_FORMAT = "dwarf-with-dsym";
				ENABLE_NS_ASSERTIONS = NO;
				ENABLE_STRICT_OBJC_MSGSEND = YES;
				GCC_C_LANGUAGE_STANDARD = gnu99;
				GCC_NO_COMMON_BLOCKS = YES;
				GCC_WARN_64_TO_32_BIT_CONVERSION = YES;
				GCC_WARN_ABOUT_RETURN_TYPE = YES_ERROR;
				GCC_WARN_UNDECLARED_SELECTOR = YES;
				GCC_WARN_UNINITIALIZED_AUTOS = YES_AGGRESSIVE;
				GCC_WARN_UNUSED_FUNCTION = YES;
				GCC_WARN_UNUSED_VARIABLE = YES;
				IPHONEOS_DEPLOYMENT_TARGET = 10.0;
				MTL_ENABLE_DEBUG_INFO = NO;
				SDKROOT = iphoneos;
				SWIFT_OPTIMIZATION_LEVEL = "-Owholemodule";
				TARGETED_DEVICE_FAMILY = "1,2";
				VALIDATE_PRODUCT = YES;
				VERSIONING_SYSTEM = "apple-generic";
				VERSION_INFO_PREFIX = "";
			};
			name = Release;
		};
		28F828921C494B2C00330CF4 /* Debug */ = {
			isa = XCBuildConfiguration;
			buildSettings = {
				"CODE_SIGN_IDENTITY[sdk=iphoneos*]" = "";
				DEFINES_MODULE = YES;
				DYLIB_COMPATIBILITY_VERSION = 1;
				DYLIB_CURRENT_VERSION = 1;
				DYLIB_INSTALL_NAME_BASE = "@rpath";
				INFOPLIST_FILE = "$(SRCROOT)/Sources/Info.plist";
				INSTALL_PATH = "$(LOCAL_LIBRARY_DIR)/Frameworks";
				LD_RUNPATH_SEARCH_PATHS = "$(inherited) @executable_path/Frameworks @loader_path/Frameworks";
				PRODUCT_BUNDLE_IDENTIFIER = MoonWalker.MoonWalker;
				PRODUCT_NAME = "$(TARGET_NAME)";
				SKIP_INSTALL = YES;
				SWIFT_VERSION = 4.0;
			};
			name = Debug;
		};
		28F828931C494B2C00330CF4 /* Release */ = {
			isa = XCBuildConfiguration;
			buildSettings = {
				"CODE_SIGN_IDENTITY[sdk=iphoneos*]" = "";
				DEFINES_MODULE = YES;
				DYLIB_COMPATIBILITY_VERSION = 1;
				DYLIB_CURRENT_VERSION = 1;
				DYLIB_INSTALL_NAME_BASE = "@rpath";
				INFOPLIST_FILE = "$(SRCROOT)/Sources/Info.plist";
				INSTALL_PATH = "$(LOCAL_LIBRARY_DIR)/Frameworks";
				LD_RUNPATH_SEARCH_PATHS = "$(inherited) @executable_path/Frameworks @loader_path/Frameworks";
				PRODUCT_BUNDLE_IDENTIFIER = MoonWalker.MoonWalker;
				PRODUCT_NAME = "$(TARGET_NAME)";
				SKIP_INSTALL = YES;
				SWIFT_VERSION = 4.0;
			};
			name = Release;
		};
		28F828951C494B2C00330CF4 /* Debug */ = {
			isa = XCBuildConfiguration;
			buildSettings = {
				CLANG_ENABLE_MODULES = YES;
				FRAMEWORK_SEARCH_PATHS = (
					"$(inherited)",
					"$(PROJECT_DIR)/Carthage/Build/iOS",
				);
				INFOPLIST_FILE = Tests/Info.plist;
				LD_RUNPATH_SEARCH_PATHS = "$(inherited) @executable_path/Frameworks @loader_path/Frameworks";
				PRODUCT_BUNDLE_IDENTIFIER = MoonWalker.MoonWalkerTests;
				PRODUCT_NAME = "$(TARGET_NAME)";
				SWIFT_OPTIMIZATION_LEVEL = "-Onone";
				SWIFT_VERSION = 4.0;
			};
			name = Debug;
		};
		28F828961C494B2C00330CF4 /* Release */ = {
			isa = XCBuildConfiguration;
			buildSettings = {
				CLANG_ENABLE_MODULES = YES;
				FRAMEWORK_SEARCH_PATHS = (
					"$(inherited)",
					"$(PROJECT_DIR)/Carthage/Build/iOS",
				);
				INFOPLIST_FILE = Tests/Info.plist;
				LD_RUNPATH_SEARCH_PATHS = "$(inherited) @executable_path/Frameworks @loader_path/Frameworks";
				PRODUCT_BUNDLE_IDENTIFIER = MoonWalker.MoonWalkerTests;
				PRODUCT_NAME = "$(TARGET_NAME)";
				SWIFT_VERSION = 4.0;
			};
			name = Release;
		};
/* End XCBuildConfiguration section */

/* Begin XCConfigurationList section */
		28F828771C494B2C00330CF4 /* Build configuration list for PBXProject "MoonWalker" */ = {
			isa = XCConfigurationList;
			buildConfigurations = (
				28F8288F1C494B2C00330CF4 /* Debug */,
				28F828901C494B2C00330CF4 /* Release */,
			);
			defaultConfigurationIsVisible = 0;
			defaultConfigurationName = Release;
		};
		28F828911C494B2C00330CF4 /* Build configuration list for PBXNativeTarget "MoonWalker" */ = {
			isa = XCConfigurationList;
			buildConfigurations = (
				28F828921C494B2C00330CF4 /* Debug */,
				28F828931C494B2C00330CF4 /* Release */,
			);
			defaultConfigurationIsVisible = 0;
			defaultConfigurationName = Release;
		};
		28F828941C494B2C00330CF4 /* Build configuration list for PBXNativeTarget "MoonWalkerTests" */ = {
			isa = XCConfigurationList;
			buildConfigurations = (
				28F828951C494B2C00330CF4 /* Debug */,
				28F828961C494B2C00330CF4 /* Release */,
			);
			defaultConfigurationIsVisible = 0;
			defaultConfigurationName = Release;
		};
/* End XCConfigurationList section */
	};
	rootObject = 28F828741C494B2C00330CF4 /* Project object */;
}
